# This file was autogenerated by uv via the following command:
#    uv pip compile requirements.txt --output-file=requirements.lock --strip-extras
aiohappyeyeballs==2.7.1
    # via aiohttp
aiohttp==3.14.3
    # via mlflow
aiosignal==1.4.0
    # via aiohttp
alembic==1.19.1
    # via
    #   -r requirements.txt
    #   mlflow
    #   optuna
altair==6.2.2
    # via streamlit
annotated-doc==0.0.5
    # via fastapi
annotated-types==0.8.0
    # via pydantic
anthropic==0.125.0
    # via -r requirements.txt
anyio==4.14.2
    # via
    #   anthropic
    #   httpx
    #   starlette
    #   streamlit
    #   watchfiles
attrs==26.1.0
    # via
    #   aiohttp
    #   jsonschema
    #   referencing
black==24.10.0
    # via -r requirements.txt
bleach==6.4.0
    # via kaggle
blinker==1.9.0
    # via
    #   flask
    #   streamlit
branca==0.8.2
    # via folium
cachetools==7.1.7
    # via
    #   mlflow-skinny
    #   mlflow-tracing
catboost==1.2.10
    # via -r requirements.txt
certifi==2026.7.22
    # via
    #   httpcore
    #   httpx
    #   requests
cffi==2.1.1
    # via cryptography
charset-normalizer==3.5.1
    # via requests
click==8.4.2
    # via
    #   black
    #   flask
    #   mlflow-skinny
    #   nltk
    #   streamlit
    #   uvicorn
cloudpickle==3.1.2
    # via
    #   mlflow-skinny
    #   shap
colorama==0.4.6
    # via
    #   click
    #   colorlog
    #   pytest
    #   tqdm
colorlog==6.12.0
    # via optuna
contourpy==1.3.3
    # via matplotlib
coverage==7.15.4
    # via pytest-cov
cryptography==49.0.0
    # via
    #   google-auth
    #   mlflow
cycler==0.12.1
    # via matplotlib
databricks-sdk==0.133.0
    # via
    #   mlflow-skinny
    #   mlflow-tracing
defusedxml==0.7.1
    # via nltk
deprecated==1.3.1
    # via limits
distro==1.9.0
    # via anthropic
docker==7.2.0
    # via mlflow
docstring-parser==0.18.0
    # via anthropic
faiss-cpu==1.15.0
    # via -r requirements.txt
fastapi==0.141.1
    # via
    #   -r requirements.txt
    #   mlflow-skinny
fastjsonschema==2.22.2
    # via nbformat
filelock==3.32.3
    # via torch
flask==3.1.3
    # via
    #   flask-cors
    #   mlflow
flask-cors==6.0.5
    # via mlflow
folium==0.20.0
    # via -r requirements.txt
fonttools==4.63.0
    # via matplotlib
frozenlist==1.8.0
    # via
    #   aiohttp
    #   aiosignal
fsspec==2026.7.0
    # via torch
gitdb==4.0.12
    # via gitpython
gitpython==3.1.59
    # via mlflow-skinny
google-auth==2.56.3
    # via databricks-sdk
graphene==3.4.3
    # via mlflow
graphql-core==3.2.11
    # via
    #   graphene
    #   graphql-relay
graphql-relay==3.2.0
    # via graphene
graphviz==0.21
    # via catboost
greenlet==3.5.5
    # via sqlalchemy
h11==0.16.0
    # via
    #   httpcore
    #   uvicorn
httpcore==1.0.9
    # via httpx
httptools==0.8.0
    # via
    #   streamlit
    #   uvicorn
httpx==0.28.1
    # via anthropic
huey==3.3.4
    # via mlflow
idna==3.19
    # via
    #   anyio
    #   httpx
    #   requests
    #   yarl
importlib-metadata==9.0.0
    # via mlflow-skinny
iniconfig==2.3.0
    # via pytest
isort==5.13.2
    # via -r requirements.txt
itsdangerous==2.2.0
    # via
    #   flask
    #   streamlit
jinja2==3.1.6
    # via
    #   altair
    #   branca
    #   flask
    #   folium
    #   pydeck
    #   torch
jiter==0.16.0
    # via anthropic
joblib==1.5.3
    # via
    #   -r requirements.txt
    #   nltk
    #   scikit-learn
jsonschema==4.26.0
    # via
    #   altair
    #   nbformat
jsonschema-specifications==2025.9.1
    # via jsonschema
jupyter-core==5.9.1
    # via nbformat
jupytext==1.19.5
    # via kaggle
kaggle==2.2.4
    # via -r requirements.txt
kagglesdk==0.1.37
    # via kaggle
kiwisolver==1.5.0
    # via matplotlib
lightgbm==4.7.0
    # via -r requirements.txt
limits==5.8.0
    # via slowapi
llvmlite==0.49.0
    # via
    #   numba
    #   shap
mako==1.4.1
    # via alembic
markdown-it-py==4.2.0
    # via
    #   jupytext
    #   mdit-py-plugins
markupsafe==3.0.3
    # via
    #   flask
    #   jinja2
    #   mako
    #   werkzeug
matplotlib==3.11.1
    # via
    #   -r requirements.txt
    #   catboost
    #   mlflow
    #   seaborn
mdit-py-plugins==0.6.1
    # via jupytext
mdurl==0.1.2
    # via markdown-it-py
mlflow==3.15.1
    # via -r requirements.txt
mlflow-skinny==3.15.1
    # via mlflow
mlflow-tracing==3.15.1
    # via mlflow
mpmath==1.3.0
    # via sympy
multidict==6.7.1
    # via
    #   aiohttp
    #   yarl
mypy-extensions==1.1.0
    # via black
narwhals==2.25.0
    # via
    #   altair
    #   lightgbm
nbformat==5.11.1
    # via jupytext
networkx==3.6.1
    # via torch
nltk==3.10.3
    # via -r requirements.txt
numba==0.67.0
    # via shap
numpy==2.5.2
    # via
    #   -r requirements.txt
    #   catboost
    #   contourpy
    #   faiss-cpu
    #   folium
    #   lightgbm
    #   matplotlib
    #   mlflow
    #   numba
    #   optuna
    #   pandas
    #   pydeck
    #   scikit-learn
    #   scipy
    #   seaborn
    #   shap
    #   skops
    #   skorch
    #   streamlit
    #   xgboost
opentelemetry-api==1.44.0
    # via
    #   mlflow-skinny
    #   mlflow-tracing
    #   opentelemetry-sdk
    #   opentelemetry-semantic-conventions
opentelemetry-proto==1.44.0
    # via
    #   mlflow-skinny
    #   mlflow-tracing
opentelemetry-sdk==1.44.0
    # via
    #   mlflow-skinny
    #   mlflow-tracing
opentelemetry-semantic-conventions==0.65b0
    # via opentelemetry-sdk
optuna==4.9.0
    # via -r requirements.txt
packaging==26.3
    # via
    #   altair
    #   black
    #   faiss-cpu
    #   jupytext
    #   kaggle
    #   limits
    #   matplotlib
    #   mlflow-skinny
    #   mlflow-tracing
    #   optuna
    #   plotly
    #   pytest
    #   shap
    #   skops
    #   streamlit
pandas==2.3.3
    # via
    #   -r requirements.txt
    #   catboost
    #   mlflow
    #   seaborn
    #   shap
    #   streamlit
pathspec==1.1.1
    # via black
pillow==12.3.0
    # via
    #   matplotlib
    #   streamlit
platformdirs==4.11.3
    # via
    #   black
    #   jupyter-core
plotly==5.24.1
    # via
    #   -r requirements.txt
    #   catboost
pluggy==1.6.0
    # via pytest
prettytable==3.18.0
    # via skops
prometheus-client==0.26.0
    # via -r requirements.txt
propcache==0.5.2
    # via
    #   aiohttp
    #   yarl
protobuf==6.33.6
    # via
    #   databricks-sdk
    #   kaggle
    #   kagglesdk
    #   mlflow-skinny
    #   mlflow-tracing
    #   opentelemetry-proto
    #   streamlit
psycopg2-binary==2.9.12
    # via -r requirements.txt
pyarrow==25.0.1
    # via
    #   mlflow
    #   streamlit
pyasn1==0.6.4
    # via pyasn1-modules
pyasn1-modules==0.4.2
    # via google-auth
pycparser==3.0
    # via cffi
pydantic==2.13.4
    # via
    #   -r requirements.txt
    #   anthropic
    #   fastapi
    #   mlflow-skinny
    #   mlflow-tracing
    #   pydantic-settings
pydantic-core==2.46.4
    # via pydantic
pydantic-settings==2.15.0
    # via -r requirements.txt
pydeck==0.9.3
    # via streamlit
pygments==2.21.0
    # via pytest
pyjwt==2.13.0
    # via
    #   -r requirements.txt
    #   redis
pyparsing==3.3.2
    # via matplotlib
pytest==8.4.2
    # via
    #   -r requirements.txt
    #   pytest-cov
pytest-cov==5.0.0
    # via -r requirements.txt
python-dateutil==2.9.0.post0
    # via
    #   graphene
    #   kaggle
    #   matplotlib
    #   pandas
python-dotenv==1.2.3
    # via
    #   -r requirements.txt
    #   kaggle
    #   mlflow-skinny
    #   pydantic-settings
    #   uvicorn
python-multipart==0.0.32
    # via streamlit
python-slugify==8.0.4
    # via kaggle
pytz==2026.3.post1
    # via pandas
pywin32==312
    # via docker
pyyaml==6.0.3
    # via
    #   jupytext
    #   mlflow-skinny
    #   optuna
    #   uvicorn
redis==5.3.1
    # via -r requirements.txt
referencing==0.37.0
    # via
    #   jsonschema
    #   jsonschema-specifications
regex==2026.7.19
    # via nltk
requests==2.34.2
    # via
    #   databricks-sdk
    #   docker
    #   folium
    #   kaggle
    #   kagglesdk
    #   mlflow-skinny
    #   streamlit
rpds-py==2026.6.3
    # via
    #   jsonschema
    #   referencing
ruff==0.16.4
    # via -r requirements.txt
scikit-learn==1.8.0
    # via
    #   -r requirements.txt
    #   mlflow
    #   shap
    #   skops
    #   skorch
scipy==1.18.0
    # via
    #   -r requirements.txt
    #   catboost
    #   lightgbm
    #   mlflow
    #   scikit-learn
    #   shap
    #   skops
    #   skorch
    #   xgboost
seaborn==0.13.2
    # via -r requirements.txt
setuptools==84.0.0
    # via torch
shap==0.52.0
    # via -r requirements.txt
six==1.17.0
    # via
    #   catboost
    #   python-dateutil
skops==0.14.0
    # via mlflow
skorch==0.15.0
    # via -r requirements.txt
slicer==0.0.8
    # via shap
slowapi==0.1.10
    # via -r requirements.txt
smmap==5.0.3
    # via gitdb
sniffio==1.3.1
    # via anthropic
sqlalchemy==2.0.52
    # via
    #   -r requirements.txt
    #   alembic
    #   mlflow
    #   optuna
sqlparse==0.6.0
    # via mlflow-skinny
starlette==1.6.0
    # via
    #   fastapi
    #   mlflow-skinny
    #   streamlit
streamlit==1.62.0
    # via -r requirements.txt
sympy==1.14.0
    # via torch
tabulate==0.10.0
    # via skorch
tenacity==9.1.4
    # via plotly
text-unidecode==1.3
    # via python-slugify
threadpoolctl==3.6.0
    # via scikit-learn
toml==0.10.2
    # via streamlit
torch==2.13.0
    # via -r requirements.txt
tqdm==4.70.0
    # via
    #   kaggle
    #   nltk
    #   optuna
    #   shap
    #   skorch
traitlets==5.16.1
    # via
    #   jupyter-core
    #   nbformat
typing-extensions==4.16.0
    # via
    #   aiohttp
    #   aiosignal
    #   alembic
    #   altair
    #   anthropic
    #   anyio
    #   fastapi
    #   graphene
    #   limits
    #   mlflow-skinny
    #   opentelemetry-api
    #   opentelemetry-sdk
    #   opentelemetry-semantic-conventions
    #   pydantic
    #   pydantic-core
    #   referencing
    #   sqlalchemy
    #   starlette
    #   streamlit
    #   torch
    #   typing-inspection
typing-inspection==0.4.4
    # via
    #   fastapi
    #   pydantic
    #   pydantic-settings
tzdata==2026.3
    # via pandas
urllib3==2.7.0
    # via
    #   databricks-sdk
    #   docker
    #   kaggle
    #   requests
uvicorn==0.52.4
    # via
    #   -r requirements.txt
    #   mlflow-skinny
    #   streamlit
waitress==3.0.2
    # via mlflow
watchdog==6.0.0
    # via streamlit
watchfiles==1.2.0
    # via uvicorn
wcwidth==0.8.2
    # via prettytable
webencodings==0.6.1
    # via bleach
websockets==16.1.1
    # via
    #   streamlit
    #   uvicorn
werkzeug==3.1.8
    # via
    #   flask
    #   flask-cors
wrapt==2.3.0
    # via deprecated
xgboost==2.1.4
    # via -r requirements.txt
xyzservices==2026.3.0
    # via folium
yarl==1.24.5
    # via aiohttp
zipp==4.1.0
    # via importlib-metadata
